<?xml version="1.0" encoding="utf-8"?>
<Project ToolsVersion="4.0" xmlns="http://schemas.microsoft.com/developer/msbuild/2003">
  <ItemGroup>
    <ClCompile Include="AltarScene.cpp" />
    <ClCompile Include="ConsoleLayout.cpp" />
    <ClCompile Include="FinalScene.cpp" />
    <ClCompile Include="GameManager.cpp" />
    <ClCompile Include="IntroScene.cpp" />
    <ClCompile Include="KeyManager.cpp" />
    <ClCompile Include="HealthPotion.cpp" />
    <ClCompile Include="Item.cpp" />
    <ClCompile Include="main.cpp" />
    <ClCompile Include="MainScene.cpp" />
    <ClCompile Include="Monster.cpp" />
    <ClCompile Include="FairyFire.cpp" />
    <ClCompile Include="Player.cpp" />
    <ClCompile Include="PowerPotion.cpp" />
    <ClCompile Include="RandomManager.cpp" />
    <ClCompile Include="Scene.cpp" />
    <ClCompile Include="Scene1F.cpp" />
    <ClCompile Include="Scene2F.cpp" />
    <ClCompile Include="Scene3F.cpp" />
    <ClCompile Include="Scene4F.cpp" />
    <ClCompile Include="Scene5F.cpp" />
    <ClCompile Include="Scene6F.cpp" />
    <ClCompile Include="Scene7F.cpp" />
    <ClCompile Include="SceneManager.cpp" />
    <ClCompile Include="ShopScene.cpp" />
    <ClCompile Include="TimeManager.cpp" />
    <ClCompile Include="Timer.cpp" />
    <ClCompile Include="IronGolem.cpp" />
    <ClCompile Include="EletricMantis.cpp" />
    <ClCompile Include="PoisonSlime.cpp" />
    <ClCompile Include="IceHedgehog.cpp" />
    <ClCompile Include="MistWitch.cpp" />
    <ClCompile Include="Rtan.cpp" />
    <ClCompile Include="Boss.cpp" />
    <ClCompile Include="Animation.cpp" />
    <ClCompile Include="Animator.cpp" />
    <ClCompile Include="Scene0F.cpp" />
    <ClCompile Include="EndingScene.cpp" />
  </ItemGroup>
  <ItemGroup>
    <ClInclude Include="AltarScene.h" />
    <ClInclude Include="ConsoleLayout.h" />
    <ClInclude Include="define.h" />
    <ClInclude Include="FinalScene.h" />
    <ClInclude Include="GameManager.h" />
    <ClInclude Include="IntroScene.h" />
    <ClInclude Include="KeyManager.h" />
    <ClInclude Include="HealthPotion.h" />
    <ClInclude Include="Item.h" />
    <ClInclude Include="MainScene.h" />
    <ClInclude Include="Monster.h" />
    <ClInclude Include="FairyFire.h" />
    <ClInclude Include="pch.h" />
    <ClInclude Include="Player.h" />
    <ClInclude Include="PowerPotion.h" />
    <ClInclude Include="RandomManager.h" />
    <ClInclude Include="Scene.h" />
    <ClInclude Include="Scene1F.h" />
    <ClInclude Include="Scene2F.h" />
    <ClInclude Include="Scene3F.h" />
    <ClInclude Include="Scene4F.h" />
    <ClInclude Include="Scene5F.h" />
    <ClInclude Include="Scene6F.h" />
    <ClInclude Include="Scene7F.h" />
    <ClInclude Include="SceneManager.h" />
    <ClInclude Include="ShopScene.h" />
    <ClInclude Include="TimeManager.h" />
    <ClInclude Include="Timer.h" />
    <ClInclude Include="IronGolem.h" />
    <ClInclude Include="EletricMantis.h" />
    <ClInclude Include="PoisonSlime.h" />
    <ClInclude Include="IceHedgehog.h" />
    <ClInclude Include="MistWitch.h" />
    <ClInclude Include="Rtan.h" />
    <ClInclude Include="Boss.h" />
    <ClInclude Include="Animation.h" />
    <ClInclude Include="Animator.h" />
    <ClInclude Include="Scene0F.h" />
    <ClInclude Include="EndingScene.h" />
  </ItemGroup>
</Project>