<?xml version="1.0" encoding="utf-8"?>
<Project ToolsVersion="4.0" xmlns="http://schemas.microsoft.com/developer/msbuild/2003">
  <ItemGroup>
    <Filter Include="소스 파일">
      <UniqueIdentifier>{4FC737F1-C7A5-4376-A066-2A32D752A2FF}</UniqueIdentifier>
      <Extensions>cpp;c;cc;cxx;c++;cppm;ixx;def;odl;idl;hpj;bat;asm;asmx</Extensions>
    </Filter>
    <Filter Include="헤더 파일">
      <UniqueIdentifier>{93995380-89BD-4b04-88EB-625FBE52EBFB}</UniqueIdentifier>
      <Extensions>h;hh;hpp;hxx;h++;hm;inl;inc;ipp;xsd</Extensions>
    </Filter>
    <Filter Include="리소스 파일">
      <UniqueIdentifier>{67DA6AB6-F800-4c08-8B7A-83BB121AAD01}</UniqueIdentifier>
      <Extensions>rc;ico;cur;bmp;dlg;rc2;rct;bin;rgs;gif;jpg;jpeg;jpe;resx;tiff;tif;png;wav;mfcribbon-ms</Extensions>
    </Filter>
    <Filter Include="소스 파일\Manager">
      <UniqueIdentifier>{84670161-f8d9-41db-9817-2e57a3ff35e8}</UniqueIdentifier>
    </Filter>
    <Filter Include="소스 파일\Manager\GameManager">
      <UniqueIdentifier>{1284ce1e-e691-4063-8df3-8e4b318440f5}</UniqueIdentifier>
    </Filter>
    <Filter Include="소스 파일\Manager\ConsoleLayout">
      <UniqueIdentifier>{29a688e1-9174-46d3-8799-092a941a795e}</UniqueIdentifier>
    </Filter>
    <Filter Include="소스 파일\Monster">
      <UniqueIdentifier>{b3e0de2d-184a-4b2b-9561-df8348a4f74b}</UniqueIdentifier>
    </Filter>
<<<<<<< Updated upstream
    <Filter Include="소스 파일\Manager\KeyManager">
      <UniqueIdentifier>{3bc2ec7d-d1cf-4ab4-af2e-2875a7305b54}</UniqueIdentifier>
=======
    <Filter Include="소스 파일\Player">
      <UniqueIdentifier>{d8cc1917-304b-41b9-a6ec-d9ee9c5fe4d9}</UniqueIdentifier>
    </Filter>
    <Filter Include="소스 파일\Items">
      <UniqueIdentifier>{1c59305e-9980-4182-b272-3cc9c7472873}</UniqueIdentifier>
>>>>>>> Stashed changes
    </Filter>
  </ItemGroup>
  <ItemGroup>
    <ClCompile Include="main.cpp">
      <Filter>소스 파일</Filter>
    </ClCompile>
    <ClCompile Include="GameManager.cpp">
      <Filter>소스 파일\Manager\GameManager</Filter>
    </ClCompile>
    <ClCompile Include="ConsoleLayout.cpp">
      <Filter>소스 파일\Manager\ConsoleLayout</Filter>
    </ClCompile>
    <ClCompile Include="Monster.cpp">
      <Filter>소스 파일\Monster</Filter>
    </ClCompile>
<<<<<<< Updated upstream
    <ClCompile Include="KeyManager.cpp">
      <Filter>소스 파일</Filter>
=======
    <ClCompile Include="Player.cpp">
      <Filter>소스 파일\Player</Filter>
    </ClCompile>
    <ClCompile Include="MRedWolf.cpp">
      <Filter>소스 파일\Monster</Filter>
    </ClCompile>
    <ClCompile Include="Item.cpp">
      <Filter>소스 파일\Items</Filter>
    </ClCompile>
    <ClCompile Include="HealthPosion.cpp">
      <Filter>소스 파일\Items</Filter>
>>>>>>> Stashed changes
    </ClCompile>
  </ItemGroup>
  <ItemGroup>
    <ClInclude Include="pch.h">
      <Filter>헤더 파일</Filter>
    </ClInclude>
    <ClInclude Include="define.h">
      <Filter>헤더 파일</Filter>
    </ClInclude>
    <ClInclude Include="GameManager.h">
      <Filter>소스 파일\Manager\GameManager</Filter>
    </ClInclude>
    <ClInclude Include="ConsoleLayout.h">
      <Filter>소스 파일\Manager\ConsoleLayout</Filter>
    </ClInclude>
    <ClInclude Include="Monster.h">
      <Filter>소스 파일\Monster</Filter>
    </ClInclude>
<<<<<<< Updated upstream
    <ClInclude Include="KeyManager.h">
      <Filter>헤더 파일</Filter>
=======
    <ClInclude Include="Player.h">
      <Filter>소스 파일\Player</Filter>
    </ClInclude>
    <ClInclude Include="MRedWolf.h">
      <Filter>소스 파일\Monster</Filter>
    </ClInclude>
    <ClInclude Include="Item.h">
      <Filter>소스 파일\Items</Filter>
    </ClInclude>
    <ClInclude Include="HealthPosion.h">
      <Filter>소스 파일\Items</Filter>
>>>>>>> Stashed changes
    </ClInclude>
  </ItemGroup>
</Project>